// !$*UTF8*$!
{
	archiveVersion = 1;
	classes = {
	};
	objectVersion = 50;
	objects = {

/* Begin PBXBuildFile section */
		64427A722585872200043B96 /* DigitalWalletAppApp.swift in Sources */ = {isa = PBXBuildFile; fileRef = 64427A5F2585871F00043B96 /* DigitalWalletAppApp.swift */; };
		64427A732585872200043B96 /* DigitalWalletAppApp.swift in Sources */ = {isa = PBXBuildFile; fileRef = 64427A5F2585871F00043B96 /* DigitalWalletAppApp.swift */; };
		64427A742585872200043B96 /* ContentView.swift in Sources */ = {isa = PBXBuildFile; fileRef = 64427A602585871F00043B96 /* ContentView.swift */; };
		64427A752585872200043B96 /* ContentView.swift in Sources */ = {isa = PBXBuildFile; fileRef = 64427A602585871F00043B96 /* ContentView.swift */; };
		64427A762585872200043B96 /* Assets.xcassets in Resources */ = {isa = PBXBuildFile; fileRef = 64427A612585872200043B96 /* Assets.xcassets */; };
		64427A772585872200043B96 /* Assets.xcassets in Resources */ = {isa = PBXBuildFile; fileRef = 64427A612585872200043B96 /* Assets.xcassets */; };
		64427A84258589E700043B96 /* HomeView.swift in Sources */ = {isa = PBXBuildFile; fileRef = 64427A83258589E700043B96 /* HomeView.swift */; };
		64427A89258592CC00043B96 /* MenuItem.swift in Sources */ = {isa = PBXBuildFile; fileRef = 64427A88258592CC00043B96 /* MenuItem.swift */; };
		64427A8F2585984900043B96 /* TransactionItem.swift in Sources */ = {isa = PBXBuildFile; fileRef = 64427A8E2585984900043B96 /* TransactionItem.swift */; };
		64427A9425859EBE00043B96 /* TabItem.swift in Sources */ = {isa = PBXBuildFile; fileRef = 64427A9325859EBE00043B96 /* TabItem.swift */; };
/* End PBXBuildFile section */

/* Begin PBXFileReference section */
		64427A5F2585871F00043B96 /* DigitalWalletAppApp.swift */ = {isa = PBXFileReference; lastKnownFileType = sourcecode.swift; path = DigitalWalletAppApp.swift; sourceTree = "<group>"; };
		64427A602585871F00043B96 /* ContentView.swift */ = {isa = PBXFileReference; lastKnownFileType = sourcecode.swift; path = ContentView.swift; sourceTree = "<group>"; };
		64427A612585872200043B96 /* Assets.xcassets */ = {isa = PBXFileReference; lastKnownFileType = folder.assetcatalog; path = Assets.xcassets; sourceTree = "<group>"; };
		64427A662585872200043B96 /* DigitalWalletApp.app */ = {isa = PBXFileReference; explicitFileType = wrapper.application; includeInIndex = 0; path = DigitalWalletApp.app; sourceTree = BUILT_PRODUCTS_DIR; };
		64427A692585872200043B96 /* Info.plist */ = {isa = PBXFileReference; lastKnownFileType = text.plist.xml; path = Info.plist; sourceTree = "<group>"; };
		64427A6E2585872200043B96 /* DigitalWalletApp.app */ = {isa = PBXFileReference; explicitFileType = wrapper.application; includeInIndex = 0; path = DigitalWalletApp.app; sourceTree = BUILT_PRODUCTS_DIR; };
		64427A702585872200043B96 /* Info.plist */ = {isa = PBXFileReference; lastKnownFileType = text.plist.xml; path = Info.plist; sourceTree = "<group>"; };
		64427A712585872200043B96 /* macOS.entitlements */ = {isa = PBXFileReference; lastKnownFileType = text.plist.entitlements; path = macOS.entitlements; sourceTree = "<group>"; };
		64427A83258589E700043B96 /* HomeView.swift */ = {isa = PBXFileReference; lastKnownFileType = sourcecode.swift; path = HomeView.swift; sourceTree = "<group>"; };
		64427A88258592CC00043B96 /* MenuItem.swift */ = {isa = PBXFileReference; lastKnownFileType = sourcecode.swift; path = MenuItem.swift; sourceTree = "<group>"; };
		64427A8E2585984900043B96 /* TransactionItem.swift */ = {isa = PBXFileReference; lastKnownFileType = sourcecode.swift; path = TransactionItem.swift; sourceTree = "<group>"; };
		64427A9325859EBE00043B96 /* TabItem.swift */ = {isa = PBXFileReference; lastKnownFileType = sourcecode.swift; path = TabItem.swift; sourceTree = "<group>"; };
		64427A992585A55900043B96 /* README.md */ = {isa = PBXFileReference; lastKnownFileType = net.daringfireball.markdown; path = README.md; sourceTree = "<group>"; };
/* End PBXFileReference section */

/* Begin PBXFrameworksBuildPhase section */
		64427A632585872200043B96 /* Frameworks */ = {
			isa = PBXFrameworksBuildPhase;
			buildActionMask = 2147483647;
			files = (
			);
			runOnlyForDeploymentPostprocessing = 0;
		};
		64427A6B2585872200043B96 /* Frameworks */ = {
			isa = PBXFrameworksBuildPhase;
			buildActionMask = 2147483647;
			files = (
			);
			runOnlyForDeploymentPostprocessing = 0;
		};
/* End PBXFrameworksBuildPhase section */

/* Begin PBXGroup section */
		64427A592585871F00043B96 = {
			isa = PBXGroup;
			children = (
				64427A992585A55900043B96 /* README.md */,
				64427A5E2585871F00043B96 /* Shared */,
				64427A682585872200043B96 /* iOS */,
				64427A6F2585872200043B96 /* macOS */,
				64427A672585872200043B96 /* Products */,
			);
			sourceTree = "<group>";
		};
		64427A5E2585871F00043B96 /* Shared */ = {
			isa = PBXGroup;
			children = (
				64427A87258592B900043B96 /* Model */,
				64427A5F2585871F00043B96 /* DigitalWalletAppApp.swift */,
				64427A602585871F00043B96 /* ContentView.swift */,
				64427A612585872200043B96 /* Assets.xcassets */,
			);
			path = Shared;
			sourceTree = "<group>";
		};
		64427A672585872200043B96 /* Products */ = {
			isa = PBXGroup;
			children = (
				64427A662585872200043B96 /* DigitalWalletApp.app */,
				64427A6E2585872200043B96 /* DigitalWalletApp.app */,
			);
			name = Products;
			sourceTree = "<group>";
		};
		64427A682585872200043B96 /* iOS */ = {
			isa = PBXGroup;
			children = (
				64427A9225859EB000043B96 /* Model */,
				64427A82258589DA00043B96 /* View */,
				64427A692585872200043B96 /* Info.plist */,
			);
			path = iOS;
			sourceTree = "<group>";
		};
		64427A6F2585872200043B96 /* macOS */ = {
			isa = PBXGroup;
			children = (
				64427A702585872200043B96 /* Info.plist */,
				64427A712585872200043B96 /* macOS.entitlements */,
			);
			path = macOS;
			sourceTree = "<group>";
		};
		64427A82258589DA00043B96 /* View */ = {
			isa = PBXGroup;
			children = (
				64427A83258589E700043B96 /* HomeView.swift */,
			);
			path = View;
			sourceTree = "<group>";
		};
		64427A87258592B900043B96 /* Model */ = {
			isa = PBXGroup;
			children = (
				64427A88258592CC00043B96 /* MenuItem.swift */,
				64427A8E2585984900043B96 /* TransactionItem.swift */,
			);
			path = Model;
			sourceTree = "<group>";
		};
		64427A9225859EB000043B96 /* Model */ = {
			isa = PBXGroup;
			children = (
				64427A9325859EBE00043B96 /* TabItem.swift */,
			);
			path = Model;
			sourceTree = "<group>";
		};
/* End PBXGroup section */

/* Begin PBXNativeTarget section */
		64427A652585872200043B96 /* DigitalWalletApp (iOS) */ = {
			isa = PBXNativeTarget;
			buildConfigurationList = 64427A7A2585872200043B96 /* Build configuration list for PBXNativeTarget "DigitalWalletApp (iOS)" */;
			buildPhases = (
				64427A622585872200043B96 /* Sources */,
				64427A632585872200043B96 /* Frameworks */,
				64427A642585872200043B96 /* Resources */,
			);
			buildRules = (
			);
			dependencies = (
			);
			name = "DigitalWalletApp (iOS)";
			productName = "DigitalWalletApp (iOS)";
			productReference = 64427A662585872200043B96 /* DigitalWalletApp.app */;
			productType = "com.apple.product-type.application";
		};
		64427A6D2585872200043B96 /* DigitalWalletApp (macOS) */ = {
			isa = PBXNativeTarget;
			buildConfigurationList = 64427A7D2585872200043B96 /* Build configuration list for PBXNativeTarget "DigitalWalletApp (macOS)" */;
			buildPhases = (
				64427A6A2585872200043B96 /* Sources */,
				64427A6B2585872200043B96 /* Frameworks */,
				64427A6C2585872200043B96 /* Resources */,
			);
			buildRules = (
			);
			dependencies = (
			);
			name = "DigitalWalletApp (macOS)";
			productName = "DigitalWalletApp (macOS)";
			productReference = 64427A6E2585872200043B96 /* DigitalWalletApp.app */;
			productType = "com.apple.product-type.application";
		};
/* End PBXNativeTarget section */

/* Begin PBXProject section */
		64427A5A2585871F00043B96 /* Project object */ = {
			isa = PBXProject;
			attributes = {
				LastSwiftUpdateCheck = 1220;
				LastUpgradeCheck = 1220;
				TargetAttributes = {
					64427A652585872200043B96 = {
						CreatedOnToolsVersion = 12.2;
					};
					64427A6D2585872200043B96 = {
						CreatedOnToolsVersion = 12.2;
					};
				};
			};
			buildConfigurationList = 64427A5D2585871F00043B96 /* Build configuration list for PBXProject "DigitalWalletApp" */;
			compatibilityVersion = "Xcode 9.3";
			developmentRegion = en;
			hasScannedForEncodings = 0;
			knownRegions = (
				en,
				Base,
			);
			mainGroup = 64427A592585871F00043B96;
			productRefGroup = 64427A672585872200043B96 /* Products */;
			projectDirPath = "";
			projectRoot = "";
			targets = (
				64427A652585872200043B96 /* DigitalWalletApp (iOS) */,
				64427A6D2585872200043B96 /* DigitalWalletApp (macOS) */,
			);
		};
/* End PBXProject section */

/* Begin PBXResourcesBuildPhase section */
		64427A642585872200043B96 /* Resources */ = {
			isa = PBXResourcesBuildPhase;
			buildActionMask = 2147483647;
			files = (
				64427A762585872200043B96 /* Assets.xcassets in Resources */,
			);
			runOnlyForDeploymentPostprocessing = 0;
		};
		64427A6C2585872200043B96 /* Resources */ = {
			isa = PBXResourcesBuildPhase;
			buildActionMask = 2147483647;
			files = (
				64427A772585872200043B96 /* Assets.xcassets in Resources */,
			);
			runOnlyForDeploymentPostprocessing = 0;
		};
/* End PBXResourcesBuildPhase section */

/* Begin PBXSourcesBuildPhase section */
		64427A622585872200043B96 /* Sources */ = {
			isa = PBXSourcesBuildPhase;
			buildActionMask = 2147483647;
			files = (
				64427A84258589E700043B96 /* HomeView.swift in Sources */,
				64427A89258592CC00043B96 /* MenuItem.swift in Sources */,
				64427A9425859EBE00043B96 /* TabItem.swift in Sources */,
				64427A742585872200043B96 /* ContentView.swift in Sources */,
				64427A8F2585984900043B96 /* TransactionItem.swift in Sources */,
				64427A722585872200043B96 /* DigitalWalletAppApp.swift in Sources */,
			);
			runOnlyForDeploymentPostprocessing = 0;
		};
		64427A6A2585872200043B96 /* Sources */ = {
			isa = PBXSourcesBuildPhase;
			buildActionMask = 2147483647;
			files = (
				64427A752585872200043B96 /* ContentView.swift in Sources */,
				64427A732585872200043B96 /* DigitalWalletAppApp.swift in Sources */,
			);
			runOnlyForDeploymentPostprocessing = 0;
		};
/* End PBXSourcesBuildPhase section */

/* Begin XCBuildConfiguration section */
		64427A782585872200043B96 /* Debug */ = {
			isa = XCBuildConfiguration;
			buildSettings = {
				ALWAYS_SEARCH_USER_PATHS = NO;
				CLANG_ANALYZER_NONNULL = YES;
				CLANG_ANALYZER_NUMBER_OBJECT_CONVERSION = YES_AGGRESSIVE;
				CLANG_CXX_LANGUAGE_STANDARD = "gnu++14";
				CLANG_CXX_LIBRARY = "libc++";
				CLANG_ENABLE_MODULES = YES;
				CLANG_ENABLE_OBJC_ARC = YES;
				CLANG_ENABLE_OBJC_WEAK = YES;
				CLANG_WARN_BLOCK_CAPTURE_AUTORELEASING = YES;
				CLANG_WARN_BOOL_CONVERSION = YES;
				CLANG_WARN_COMMA = YES;
				CLANG_WARN_CONSTANT_CONVERSION = YES;
				CLANG_WARN_DEPRECATED_OBJC_IMPLEMENTATIONS = YES;
				CLANG_WARN_DIRECT_OBJC_ISA_USAGE = YES_ERROR;
				CLANG_WARN_DOCUMENTATION_COMMENTS = YES;
				CLANG_WARN_EMPTY_BODY = YES;
				CLANG_WARN_ENUM_CONVERSION = YES;
				CLANG_WARN_INFINITE_RECURSION = YES;
				CLANG_WARN_INT_CONVERSION = YES;
				CLANG_WARN_NON_LITERAL_NULL_CONVERSION = YES;
				CLANG_WARN_OBJC_IMPLICIT_RETAIN_SELF = YES;
				CLANG_WARN_OBJC_LITERAL_CONVERSION = YES;
				CLANG_WARN_OBJC_ROOT_CLASS = YES_ERROR;
				CLANG_WARN_QUOTED_INCLUDE_IN_FRAMEWORK_HEADER = YES;
				CLANG_WARN_RANGE_LOOP_ANALYSIS = YES;
				CLANG_WARN_STRICT_PROTOTYPES = YES;
				CLANG_WARN_SUSPICIOUS_MOVE = YES;
				CLANG_WARN_UNGUARDED_AVAILABILITY = YES_AGGRESSIVE;
				CLANG_WARN_UNREACHABLE_CODE = YES;
				CLANG_WARN__DUPLICATE_METHOD_MATCH = YES;
				COPY_PHASE_STRIP = NO;
				DEBUG_INFORMATION_FORMAT = dwarf;
				ENABLE_STRICT_OBJC_MSGSEND = YES;
				ENABLE_TESTABILITY = YES;
				GCC_C_LANGUAGE_STANDARD = gnu11;
				GCC_DYNAMIC_NO_PIC = NO;
				GCC_NO_COMMON_BLOCKS = YES;
				GCC_OPTIMIZATION_LEVEL = 0;
				GCC_PREPROCESSOR_DEFINITIONS = (
					"DEBUG=1",
					"$(inherited)",
				);
				GCC_WARN_64_TO_32_BIT_CONVERSION = YES;
				GCC_WARN_ABOUT_RETURN_TYPE = YES_ERROR;
				GCC_WARN_UNDECLARED_SELECTOR = YES;
				GCC_WARN_UNINITIALIZED_AUTOS = YES_AGGRESSIVE;
				GCC_WARN_UNUSED_FUNCTION = YES;
				GCC_WARN_UNUSED_VARIABLE = YES;
				MTL_ENABLE_DEBUG_INFO = INCLUDE_SOURCE;
				MTL_FAST_MATH = YES;
				ONLY_ACTIVE_ARCH = YES;
				SWIFT_ACTIVE_COMPILATION_CONDITIONS = DEBUG;
				SWIFT_OPTIMIZATION_LEVEL = "-Onone";
			};
			name = Debug;
		};
		64427A792585872200043B96 /* Release */ = {
			isa = XCBuildConfiguration;
			buildSettings = {
				ALWAYS_SEARCH_USER_PATHS = NO;
				CLANG_ANALYZER_NONNULL = YES;
				CLANG_ANALYZER_NUMBER_OBJECT_CONVERSION = YES_AGGRESSIVE;
				CLANG_CXX_LANGUAGE_STANDARD = "gnu++14";
				CLANG_CXX_LIBRARY = "libc++";
				CLANG_ENABLE_MODULES = YES;
				CLANG_ENABLE_OBJC_ARC = YES;
				CLANG_ENABLE_OBJC_WEAK = YES;
				CLANG_WARN_BLOCK_CAPTURE_AUTORELEASING = YES;
				CLANG_WARN_BOOL_CONVERSION = YES;
				CLANG_WARN_COMMA = YES;
				CLANG_WARN_CONSTANT_CONVERSION = YES;
				CLANG_WARN_DEPRECATED_OBJC_IMPLEMENTATIONS = YES;
				CLANG_WARN_DIRECT_OBJC_ISA_USAGE = YES_ERROR;
				CLANG_WARN_DOCUMENTATION_COMMENTS = YES;
				CLANG_WARN_EMPTY_BODY = YES;
				CLANG_WARN_ENUM_CONVERSION = YES;
				CLANG_WARN_INFINITE_RECURSION = YES;
				CLANG_WARN_INT_CONVERSION = YES;
				CLANG_WARN_NON_LITERAL_NULL_CONVERSION = YES;
				CLANG_WARN_OBJC_IMPLICIT_RETAIN_SELF = YES;
				CLANG_WARN_OBJC_LITERAL_CONVERSION = YES;
				CLANG_WARN_OBJC_ROOT_CLASS = YES_ERROR;
				CLANG_WARN_QUOTED_INCLUDE_IN_FRAMEWORK_HEADER = YES;
				CLANG_WARN_RANGE_LOOP_ANALYSIS = YES;
				CLANG_WARN_STRICT_PROTOTYPES = YES;
				CLANG_WARN_SUSPICIOUS_MOVE = YES;
				CLANG_WARN_UNGUARDED_AVAILABILITY = YES_AGGRESSIVE;
				CLANG_WARN_UNREACHABLE_CODE = YES;
				CLANG_WARN__DUPLICATE_METHOD_MATCH = YES;
				COPY_PHASE_STRIP = NO;
				DEBUG_INFORMATION_FORMAT = "dwarf-with-dsym";
				ENABLE_NS_ASSERTIONS = NO;
				ENABLE_STRICT_OBJC_MSGSEND = YES;
				GCC_C_LANGUAGE_STANDARD = gnu11;
				GCC_NO_COMMON_BLOCKS = YES;
				GCC_WARN_64_TO_32_BIT_CONVERSION = YES;
				GCC_WARN_ABOUT_RETURN_TYPE = YES_ERROR;
				GCC_WARN_UNDECLARED_SELECTOR = YES;
				GCC_WARN_UNINITIALIZED_AUTOS = YES_AGGRESSIVE;
				GCC_WARN_UNUSED_FUNCTION = YES;
				GCC_WARN_UNUSED_VARIABLE = YES;
				MTL_ENABLE_DEBUG_INFO = NO;
				MTL_FAST_MATH = YES;
				SWIFT_COMPILATION_MODE = wholemodule;
				SWIFT_OPTIMIZATION_LEVEL = "-O";
			};
			name = Release;
		};
		64427A7B2585872200043B96 /* Debug */ = {
			isa = XCBuildConfiguration;
			buildSettings = {
				ASSETCATALOG_COMPILER_APPICON_NAME = AppIcon;
				ASSETCATALOG_COMPILER_GLOBAL_ACCENT_COLOR_NAME = AccentColor;
				CODE_SIGN_STYLE = Automatic;
				ENABLE_PREVIEWS = YES;
				INFOPLIST_FILE = iOS/Info.plist;
				IPHONEOS_DEPLOYMENT_TARGET = 14.0;
				LD_RUNPATH_SEARCH_PATHS = (
					"$(inherited)",
					"@executable_path/Frameworks",
				);
				PRODUCT_BUNDLE_IDENTIFIER = io.github.rphlfc.DigitalWalletApp;
				PRODUCT_NAME = DigitalWalletApp;
				SDKROOT = iphoneos;
				SWIFT_VERSION = 5.0;
				TARGETED_DEVICE_FAMILY = "1,2";
			};
			name = Debug;
		};
		64427A7C2585872200043B96 /* Release */ = {
			isa = XCBuildConfiguration;
			buildSettings = {
				ASSETCATALOG_COMPILER_APPICON_NAME = AppIcon;
				ASSETCATALOG_COMPILER_GLOBAL_ACCENT_COLOR_NAME = AccentColor;
				CODE_SIGN_STYLE = Automatic;
				ENABLE_PREVIEWS = YES;
				INFOPLIST_FILE = iOS/Info.plist;
				IPHONEOS_DEPLOYMENT_TARGET = 14.0;
				LD_RUNPATH_SEARCH_PATHS = (
					"$(inherited)",
					"@executable_path/Frameworks",
				);
				PRODUCT_BUNDLE_IDENTIFIER = io.github.rphlfc.DigitalWalletApp;
				PRODUCT_NAME = DigitalWalletApp;
				SDKROOT = iphoneos;
				SWIFT_VERSION = 5.0;
				TARGETED_DEVICE_FAMILY = "1,2";
				VALIDATE_PRODUCT = YES;
			};
			name = Release;
		};
		64427A7E2585872200043B96 /* Debug */ = {
			isa = XCBuildConfiguration;
			buildSettings = {
				ASSETCATALOG_COMPILER_APPICON_NAME = AppIcon;
				ASSETCATALOG_COMPILER_GLOBAL_ACCENT_COLOR_NAME = AccentColor;
				CODE_SIGN_ENTITLEMENTS = macOS/macOS.entitlements;
				CODE_SIGN_STYLE = Automatic;
				COMBINE_HIDPI_IMAGES = YES;
				ENABLE_PREVIEWS = YES;
				INFOPLIST_FILE = macOS/Info.plist;
				LD_RUNPATH_SEARCH_PATHS = (
					"$(inherited)",
					"@executable_path/../Frameworks",
				);
				MACOSX_DEPLOYMENT_TARGET = 11.0;
				PRODUCT_BUNDLE_IDENTIFIER = io.github.rphlfc.DigitalWalletApp;
				PRODUCT_NAME = DigitalWalletApp;
				SDKROOT = macosx;
				SWIFT_VERSION = 5.0;
			};
			name = Debug;
		};
		64427A7F2585872200043B96 /* Release */ = {
			isa = XCBuildConfiguration;
			buildSettings = {
				ASSETCATALOG_COMPILER_APPICON_NAME = AppIcon;
				ASSETCATALOG_COMPILER_GLOBAL_ACCENT_COLOR_NAME = AccentColor;
				CODE_SIGN_ENTITLEMENTS = macOS/macOS.entitlements;
				CODE_SIGN_STYLE = Automatic;
				COMBINE_HIDPI_IMAGES = YES;
				ENABLE_PREVIEWS = YES;
				INFOPLIST_FILE = macOS/Info.plist;
				LD_RUNPATH_SEARCH_PATHS = (
					"$(inherited)",
					"@executable_path/../Frameworks",
				);
				MACOSX_DEPLOYMENT_TARGET = 11.0;
				PRODUCT_BUNDLE_IDENTIFIER = io.github.rphlfc.DigitalWalletApp;
				PRODUCT_NAME = DigitalWalletApp;
				SDKROOT = macosx;
				SWIFT_VERSION = 5.0;
			};
			name = Release;
		};
/* End XCBuildConfiguration section */

/* Begin XCConfigurationList section */
		64427A5D2585871F00043B96 /* Build configuration list for PBXProject "DigitalWalletApp" */ = {
			isa = XCConfigurationList;
			buildConfigurations = (
				64427A782585872200043B96 /* Debug */,
				64427A792585872200043B96 /* Release */,
			);
			defaultConfigurationIsVisible = 0;
			defaultConfigurationName = Release;
		};
		64427A7A2585872200043B96 /* Build configuration list for PBXNativeTarget "DigitalWalletApp (iOS)" */ = {
			isa = XCConfigurationList;
			buildConfigurations = (
				64427A7B2585872200043B96 /* Debug */,
				64427A7C2585872200043B96 /* Release */,
			);
			defaultConfigurationIsVisible = 0;
			defaultConfigurationName = Release;
		};
		64427A7D2585872200043B96 /* Build configuration list for PBXNativeTarget "DigitalWalletApp (macOS)" */ = {
			isa = XCConfigurationList;
			buildConfigurations = (
				64427A7E2585872200043B96 /* Debug */,
				64427A7F2585872200043B96 /* Release */,
			);
			defaultConfigurationIsVisible = 0;
			defaultConfigurationName = Release;
		};
/* End XCConfigurationList section */
	};
	rootObject = 64427A5A2585871F00043B96 /* Project object */;
}
